filippo.io/edwards25519 v1.0.0 h1:0wAIcmJUqRdI8IJ/3eGi5/HwXZWPujYXXlkrQogz0Ek=
filippo.io/edwards25519 v1.0.0/go.mod h1:N1IkdkCkiLB6tki+MYJoSx2JTY9NUlxZE7eHn5EwJns=
github.com/davecgh/go-spew v1.1.0/go.mod h1:J7Y8YcW2NihsgmVo/mv3lAwl/skON4iLHjSsI+c5H38=
github.com/davecgh/go-spew v1.1.1 h1:vj9j/u1bqnvCEfJOwUhtlOARqs3+rkHYY13jYWTU97c=
github.com/davecgh/go-spew v1.1.1/go.mod h1:J7Y8YcW2NihsgmVo/mv3lAwl/skON4iLHjSsI+c5H38=
github.com/golang/protobuf v1.5.0/go.mod h1:FsONVRAS9T7sI+LIUmWTfcYkHO4aIWwzhcaSAoJOfIk=
github.com/google/go-cmp v0.5.5 h1:Khx7svrCpmxxtHBq5j2mp/xVjsi8hQMfNLvJFAlrGgU=
github.com/google/go-cmp v0.5.5/go.mod h1:v8dTdLbMG2kIc/vJvl+f65V22dbkXbowE6jgT/gNBxE=
github.com/gorilla/websocket v1.5.0 h1:PPwGk2jz7EePpoHN/+ClbZu8SPxiqlu12wZP/3sWmnc=
github.com/gorilla/websocket v1.5.0/go.mod h1:YR8l580nyteQvAITg2hZ9XVh4b55+EU/adAjf1fMHhE=
github.com/jinzhu/inflection v1.0.0 h1:K317FqzuhWc8YvSVlFMCCUb36O/S9MCKRDI7QkRKD/E=
github.com/jinzhu/inflection v1.0.0/go.mod h1:h+uFLlag+Qp1Va5pdKtLDYj+kHp5pxUVkryuEj+Srlc=
github.com/jinzhu/now v1.1.4/go.mod h1:d3SSVoowX0Lcu0IBviAWJpolVfI5UJVZZ7cO71lE/z8=
github.com/jinzhu/now v1.1.5 h1:/o9tlHleP7gOFmsnYNz3RGnqzefHA47wQpKrrdTIwXQ=
github.com/jinzhu/now v1.1.5/go.mod h1:d3SSVoowX0Lcu0IBviAWJpolVfI5UJVZZ7cO71lE/z8=
github.com/mattn/go-sqlite3 v1.14.12/go.mod h1:NyWgC/yNuGj7Q9rpYnZvas74GogHl5/Z4A/KQRfk6bU=
github.com/mattn/go-sqlite3 v1.14.17 h1:mCRHCLDUBXgpKAqIKsaAaAsrAlbkeomtRFKXh2L6YIM=
github.com/mattn/go-sqlite3 v1.14.17/go.mod h1:2eHXhiwb8IkHr+BDWZGa96P6+rkvnG63S2DGjv9HUNg=
github.com/mdp/qrterminal/v3 v3.1.1 h1:cIPwg3QU0OIm9+ce/lRfWXhPwEjOSKwk3HBwL3HBTyc=
github.com/mdp/qrterminal/v3 v3.1.1/go.mod h1:5lJlXe7Jdr8wlPDdcsJttv1/knsRgzXASyr4dcGZqNU=
github.com/milindmadhukar/go-piston v0.0.0-20230505104304-ceae9b10dffa h1:MZ7v69omysBjiDtRxtMicccTgd6vmmXFVQU/QH0D12g=
github.com/milindmadhukar/go-piston v0.0.0-20230505104304-ceae9b10dffa/go.mod h1:UGaEMhOv9qK6z4E663UiqUB1M7J+aXDJV716oclA8Dg=
github.com/pmezard/go-difflib v1.0.0 h1:4DBwDE0NGyQoBHbLQYPwSUPoCMWR5BEzIk/f1lZbAQM=
github.com/pmezard/go-difflib v1.0.0/go.mod h1:iKH77koFhYxTK1pcRnkKkqfTogsbg7gZNVY4sRDYZ/4=
github.com/stretchr/objx v0.1.0/go.mod h1:HFkY916IF+rwdDfMAkV7OtwuqBVzrE8GR6GFx+wExME=
github.com/stretchr/testify v1.7.0/go.mod h1:6Fq8oRcR53rry900zMqJjRRixrwX3KX962/h/Wwjteg=
github.com/stretchr/testify v1.8.4 h1:CcVxjf3Q8PM0mHUKJCdn+eZZtm5yQwehR5yeSVQQcUk=
go.mau.fi/libsignal v0.1.0 h1:vAKI/nJ5tMhdzke4cTK1fb0idJzz1JuEIpmjprueC+c=
go.mau.fi/libsignal v0.1.0/go.mod h1:R8ovrTezxtUNzCQE5PH30StOQWWeBskBsWE55vMfY9I=
go.mau.fi/util v0.1.0 h1:BwIFWIOEeO7lsiI2eWKFkWTfc5yQmoe+0FYyOFVyaoE=
go.mau.fi/util v0.1.0/go.mod h1:AxuJUMCxpzgJ5eV9JbPWKRH8aAJJidxetNdUj7qcb84=
go.mau.fi/util v0.2.0 h1:AMGBEdg9Ya/smb/09dljo9wBwKr432EpfjDWF7aFQg0=
go.mau.fi/util v0.2.0/go.mod h1:AxuJUMCxpzgJ5eV9JbPWKRH8aAJJidxetNdUj7qcb84=
go.mau.fi/whatsmeow v0.0.0-20231006094259-c6eaf52f1357 h1:/le5a7Gzr9MhiZghMs/Aq3az0vyknJSqWUKdQvRaAIg=
go.mau.fi/whatsmeow v0.0.0-20231006094259-c6eaf52f1357/go.mod h1:1xFS2b5zqsg53ApsYB4FDtko7xG7r+gVgBjh9k+9/GE=
go.mau.fi/whatsmeow v0.0.0-20231018112044-306bf6fef4d2 h1:27IohJQeoxrcJE44yEE2B2fOsiakqBeQpJDRHF483oM=
go.mau.fi/whatsmeow v0.0.0-20231018112044-306bf6fef4d2/go.mod h1:u557d2vph8xcLrk3CKTBknUHoB6icUpqazA4w+binRU=
golang.org/x/crypto v0.14.0 h1:wBqGXzWJW6m1XrIKlAH0Hs1JJ7+9KBwnIO8v66Q9cHc=
golang.org/x/crypto v0.14.0/go.mod h1:MVFd36DqK4CsrnJYDkBA3VC4m2GkXAM0PvzMCn4JQf4=
golang.org/x/text v0.13.0 h1:ablQoSUd0tRdKxZewP80B+BaqeKJuVhuRxj/dkrun3k=
golang.org/x/text v0.13.0/go.mod h1:TvPlkZtksWOMsz7fbANvkp4WM8x/WCo/om8BMLbz+aE=
golang.org/x/xerrors v0.0.0-20191204190536-9bdfabe68543 h1:E7g+9GITq07hpfrRu66IVDexMakfv52eLZ2CXBWiKr4=
golang.org/x/xerrors v0.0.0-20191204190536-9bdfabe68543/go.mod h1:I/5z698sn9Ka8TeJc9MKroUUfqBBauWjQqLJ2OPfmY0=
google.golang.org/protobuf v1.26.0-rc.1/go.mod h1:jlhhOSvTdKEhbULTjvd4ARK9grFBp09yW+WbY/TyQbw=
google.golang.org/protobuf v1.31.0 h1:g0LDEJHgrBl9N9r17Ru3sqWhkIx2NB67okBHPwC7hs8=
google.golang.org/protobuf v1.31.0/go.mod h1:HV8QOd/L58Z+nl8r43ehVNZIU/HEI6OcFqwMG9pJV4I=
gopkg.in/check.v1 v0.0.0-20161208181325-20d25e280405/go.mod h1:Co6ibVJAznAaIkqp8huTwlJQCZ016jof/cbN4VW5Yz0=
gopkg.in/yaml.v3 v3.0.0-20200313102051-9f266ea9e77c/go.mod h1:K4uyk7z7BCEPqu6E+C64Yfv1cQ7kz7rIZviUmN+EgEM=
gopkg.in/yaml.v3 v3.0.1 h1:fxVm/GzAzEWqLHuvctI91KS9hhNmmWOoWu0XTYJS7CA=
gorm.io/driver/sqlite v1.3.4 h1:NnFOPVfzi4CPsJPH4wXr6rMkPb4ElHEqKMvrsx9c9Fk=
gorm.io/driver/sqlite v1.3.4/go.mod h1:B+8GyC9K7VgzJAcrcXMRPdnMcck+8FgJynEehEPM16U=
gorm.io/gorm v1.23.4/go.mod h1:l2lP/RyAtc1ynaTjFksBde/O8v9oOGIApu2/xRitmZk=
gorm.io/gorm v1.23.6 h1:KFLdNgri4ExFFGTRGGFWON2P1ZN28+9SJRN8voOoYe0=
gorm.io/gorm v1.23.6/go.mod h1:l2lP/RyAtc1ynaTjFksBde/O8v9oOGIApu2/xRitmZk=
rsc.io/qr v0.2.0 h1:6vBLea5/NRMVTz8V66gipeLycZMl/+UlFmk8DvqQ6WY=
rsc.io/qr v0.2.0/go.mod h1:IF+uZjkb9fqyeF/4tlBoynqmQxUoPfWEKh921coOuXs=
